
Microsoft Visual Studio Solution File, Format Version 11.00
# Visual Studio 2010
Project("{FAE04EC0-301F-11D3-BF4B-00C04F79EFBC}") = "CivilPrototype", "CivilPrototype.csproj", "{499B6A14-82AD-4643-AC29-CEF618C88DE2}"
EndProject
Global
	GlobalSection(SolutionConfigurationPlatforms) = preSolution
		Debug|iPhoneSimulator = Debug|iPhoneSimulator
		Release|iPhoneSimulator = Release|iPhoneSimulator
		Debug|iPhone = Debug|iPhone
		Release|iPhone = Release|iPhone
		Ad-Hoc|iPhone = Ad-Hoc|iPhone
		AppStore|iPhone = AppStore|iPhone
	EndGlobalSection
	GlobalSection(ProjectConfigurationPlatforms) = postSolution
		{499B6A14-82AD-4643-AC29-CEF618C88DE2}.Ad-Hoc|iPhone.ActiveCfg = Ad-Hoc|iPhone
		{499B6A14-82AD-4643-AC29-CEF618C88DE2}.Ad-Hoc|iPhone.Build.0 = Ad-Hoc|iPhone
		{499B6A14-82AD-4643-AC29-CEF618C88DE2}.AppStore|iPhone.ActiveCfg = AppStore|iPhone
		{499B6A14-82AD-4643-AC29-CEF618C88DE2}.AppStore|iPhone.Build.0 = AppStore|iPhone
		{499B6A14-82AD-4643-AC29-CEF618C88DE2}.Debug|iPhone.ActiveCfg = Debug|iPhone
		{499B6A14-82AD-4643-AC29-CEF618C88DE2}.Debug|iPhone.Build.0 = Debug|iPhone
		{499B6A14-82AD-4643-AC29-CEF618C88DE2}.Debug|iPhoneSimulator.ActiveCfg = Debug|iPhoneSimulator
		{499B6A14-82AD-4643-AC29-CEF618C88DE2}.Debug|iPhoneSimulator.Build.0 = Debug|iPhoneSimulator
		{499B6A14-82AD-4643-AC29-CEF618C88DE2}.Release|iPhone.ActiveCfg = Release|iPhone
		{499B6A14-82AD-4643-AC29-CEF618C88DE2}.Release|iPhone.Build.0 = Release|iPhone
		{499B6A14-82AD-4643-AC29-CEF618C88DE2}.Release|iPhoneSimulator.ActiveCfg = Release|iPhoneSimulator
		{499B6A14-82AD-4643-AC29-CEF618C88DE2}.Release|iPhoneSimulator.Build.0 = Release|iPhoneSimulator
	EndGlobalSection
	GlobalSection(MonoDevelopProperties) = preSolution
		StartupItem = CivilPrototype.csproj
	EndGlobalSection
EndGlobal
